
Microsoft Visual Studio Solution File, Format Version 12.00
# Visual Studio Version 17
VisualStudioVersion = 17.2.32616.157
MinimumVisualStudioVersion = 10.0.40219.1
Project("{FAE04EC0-301F-11D3-BF4B-00C04F79EFBC}") = "ProjetoAula03", "ProjetoAula03\ProjetoAula03.csproj", "{36017444-5011-4934-82D3-08DB8158C48F}"
EndProject
Global
	GlobalSection(SolutionConfigurationPlatforms) = preSolution
		Debug|Any CPU = Debug|Any CPU
		Release|Any CPU = Release|Any CPU
	EndGlobalSection
	GlobalSection(ProjectConfigurationPlatforms) = postSolution
		{36017444-5011-4934-82D3-08DB8158C48F}.Debug|Any CPU.ActiveCfg = Debug|Any CPU
		{36017444-5011-4934-82D3-08DB8158C48F}.Debug|Any CPU.Build.0 = Debug|Any CPU
		{36017444-5011-4934-82D3-08DB8158C48F}.Release|Any CPU.ActiveCfg = Release|Any CPU
		{36017444-5011-4934-82D3-08DB8158C48F}.Release|Any CPU.Build.0 = Release|Any CPU
	EndGlobalSection
	GlobalSection(SolutionProperties) = preSolution
		HideSolutionNode = FALSE
	EndGlobalSection
	GlobalSection(ExtensibilityGlobals) = postSolution
		SolutionGuid = {F57DE43E-B4B2-4260-BB3F-483A911D7F25}
	EndGlobalSection
EndGlobal
